// !$*UTF8*$!
{
	archiveVersion = 1;
	classes = {
	};
	objectVersion = 56;
	objects = {

/* Begin PBXBuildFile section */
		00B066A48006BA6B375154DB /* Pods_Chat.framework in Frameworks */ = {isa = PBXBuildFile; fileRef = 5F00EF7DED2C0DEAD4EA676F /* Pods_Chat.framework */; };
		6A07FCC62ABC935200E3EF3D /* locationMessage.swift in Sources */ = {isa = PBXBuildFile; fileRef = 6A07FCC52ABC935200E3EF3D /* locationMessage.swift */; };
		6A07FCC82ABCA1A200E3EF3D /* mapViewController.swift in Sources */ = {isa = PBXBuildFile; fileRef = 6A07FCC72ABCA1A200E3EF3D /* mapViewController.swift */; };
		6A07FCCA2ABD0D6700E3EF3D /* MapAnnotation.swift in Sources */ = {isa = PBXBuildFile; fileRef = 6A07FCC92ABD0D6700E3EF3D /* MapAnnotation.swift */; };
		6A1C8F172A46E9D2003D7B11 /* AppDelegate.swift in Sources */ = {isa = PBXBuildFile; fileRef = 6A1C8F162A46E9D2003D7B11 /* AppDelegate.swift */; };
		6A1C8F192A46E9D2003D7B11 /* SceneDelegate.swift in Sources */ = {isa = PBXBuildFile; fileRef = 6A1C8F182A46E9D2003D7B11 /* SceneDelegate.swift */; };
		6A1C8F1B2A46E9D2003D7B11 /* LoginViewController.swift in Sources */ = {isa = PBXBuildFile; fileRef = 6A1C8F1A2A46E9D2003D7B11 /* LoginViewController.swift */; };
		6A1C8F1E2A46E9D2003D7B11 /* Main.storyboard in Resources */ = {isa = PBXBuildFile; fileRef = 6A1C8F1C2A46E9D2003D7B11 /* Main.storyboard */; };
		6A1C8F202A46E9D2003D7B11 /* Assets.xcassets in Resources */ = {isa = PBXBuildFile; fileRef = 6A1C8F1F2A46E9D2003D7B11 /* Assets.xcassets */; };
		6A1C8F232A46E9D2003D7B11 /* LaunchScreen.storyboard in Resources */ = {isa = PBXBuildFile; fileRef = 6A1C8F212A46E9D2003D7B11 /* LaunchScreen.storyboard */; };
		6A46F4482A47A96300DAFC41 /* GoogleService-Info.plist in Resources */ = {isa = PBXBuildFile; fileRef = 6A46F4472A47A96300DAFC41 /* GoogleService-Info.plist */; };
		6A4720922A9CE2DD000055E6 /* messageLayoutDelgate.swift in Sources */ = {isa = PBXBuildFile; fileRef = 6A4720912A9CE2DD000055E6 /* messageLayoutDelgate.swift */; };
		6A47D5A72A5EFD64008AA465 /* FileStorage.swift in Sources */ = {isa = PBXBuildFile; fileRef = 6A47D5A62A5EFD64008AA465 /* FileStorage.swift */; };
		6A60183D2A90F5C300ECF0B8 /* MSViewController.swift in Sources */ = {isa = PBXBuildFile; fileRef = 6A60183C2A90F5C300ECF0B8 /* MSViewController.swift */; };
		6A7FC3582ABE5053000192F5 /* audioRecorder.swift in Sources */ = {isa = PBXBuildFile; fileRef = 6A7FC3572ABE5053000192F5 /* audioRecorder.swift */; };
		6A7FC35A2AC25668000192F5 /* audioMessage.swift in Sources */ = {isa = PBXBuildFile; fileRef = 6A7FC3592AC25668000192F5 /* audioMessage.swift */; };
		6A7FC35C2AC27ACF000192F5 /* basicViewController.swift in Sources */ = {isa = PBXBuildFile; fileRef = 6A7FC35B2AC27ACF000192F5 /* basicViewController.swift */; };
		6A934EB42A70ADFD005D282B /* gloableFunctions.swift in Sources */ = {isa = PBXBuildFile; fileRef = 6A934EB32A70ADFD005D282B /* gloableFunctions.swift */; };
		6A9925A82A91EE8800F8D9D8 /* localMessage.swift in Sources */ = {isa = PBXBuildFile; fileRef = 6A9925A72A91EE8800F8D9D8 /* localMessage.swift */; };
		6A9925AB2A936AAB00F8D9D8 /* messageDatasource.swift in Sources */ = {isa = PBXBuildFile; fileRef = 6A9925AA2A936AAB00F8D9D8 /* messageDatasource.swift */; };
		6A9925AD2A93702D00F8D9D8 /* messageCellDellagate.swift in Sources */ = {isa = PBXBuildFile; fileRef = 6A9925AC2A93702D00F8D9D8 /* messageCellDellagate.swift */; };
		6A9925AF2A9370AB00F8D9D8 /* messageDisplayDellgate.swift in Sources */ = {isa = PBXBuildFile; fileRef = 6A9925AE2A9370AB00F8D9D8 /* messageDisplayDellgate.swift */; };
		6A9925B12A93713200F8D9D8 /* messageInputBar.swift in Sources */ = {isa = PBXBuildFile; fileRef = 6A9925B02A93713200F8D9D8 /* messageInputBar.swift */; };
		6A9925B32A93732E00F8D9D8 /* MKSender.swift in Sources */ = {isa = PBXBuildFile; fileRef = 6A9925B22A93732E00F8D9D8 /* MKSender.swift */; };
		6A9925B52A937E6800F8D9D8 /* MKMessage.swift in Sources */ = {isa = PBXBuildFile; fileRef = 6A9925B42A937E6800F8D9D8 /* MKMessage.swift */; };
		6A9A5B882AA3E2630083C28D /* FTypingLisntener.swift in Sources */ = {isa = PBXBuildFile; fileRef = 6A9A5B872AA3E2630083C28D /* FTypingLisntener.swift */; };
		6A9B35752ABBC7240095486F /* locationManger.swift in Sources */ = {isa = PBXBuildFile; fileRef = 6A9B35742ABBC7240095486F /* locationManger.swift */; };
		6A9DD6702AB4A0CE008B8E20 /* photoMessage.swift in Sources */ = {isa = PBXBuildFile; fileRef = 6A9DD66F2AB4A0CE008B8E20 /* photoMessage.swift */; };
		6AA5DBC42A79ECAB0063DF96 /* profileTableViewController.swift in Sources */ = {isa = PBXBuildFile; fileRef = 6AA5DBC32A79ECAB0063DF96 /* profileTableViewController.swift */; };
		6AAAA18B2AB5124800ACC09D /* videoMessage.swift in Sources */ = {isa = PBXBuildFile; fileRef = 6AAAA18A2AB5124800ACC09D /* videoMessage.swift */; };
		6AB2E1632A4EA24200A43548 /* FCollectionReference.swift in Sources */ = {isa = PBXBuildFile; fileRef = 6AB2E1622A4EA24200A43548 /* FCollectionReference.swift */; };
		6AB2E1652A4EAE0B00A43548 /* user.swift in Sources */ = {isa = PBXBuildFile; fileRef = 6AB2E1642A4EAE0B00A43548 /* user.swift */; };
		6AB2E1672A4EBF4C00A43548 /* FUserListner.swift in Sources */ = {isa = PBXBuildFile; fileRef = 6AB2E1662A4EBF4C00A43548 /* FUserListner.swift */; };
		6AB2E1692A50209C00A43548 /* constants.swift in Sources */ = {isa = PBXBuildFile; fileRef = 6AB2E1682A50209C00A43548 /* constants.swift */; };
		6AC6240C2A94C0E0000FA270 /* FMessageListener.swift in Sources */ = {isa = PBXBuildFile; fileRef = 6AC6240B2A94C0E0000FA270 /* FMessageListener.swift */; };
		6AC6240E2A94E6BA000FA270 /* RealmManger.swift in Sources */ = {isa = PBXBuildFile; fileRef = 6AC6240D2A94E6BA000FA270 /* RealmManger.swift */; };
		6AC624102A94EB95000FA270 /* outgoing.swift in Sources */ = {isa = PBXBuildFile; fileRef = 6AC6240F2A94EB95000FA270 /* outgoing.swift */; };
		6AC624122A98DA98000FA270 /* Incoming.swift in Sources */ = {isa = PBXBuildFile; fileRef = 6AC624112A98DA98000FA270 /* Incoming.swift */; };
		6AC95F4F2A8C92CD00D34D1D /* FChatRoomListener.swift in Sources */ = {isa = PBXBuildFile; fileRef = 6AC95F4E2A8C92CD00D34D1D /* FChatRoomListener.swift */; };
		6ACC85862A75E7ED00E9CB8E /* UserTableViewController.swift in Sources */ = {isa = PBXBuildFile; fileRef = 6ACC85852A75E7ED00E9CB8E /* UserTableViewController.swift */; };
		6ACC85882A75E85600E9CB8E /* UsersTableViewCell.swift in Sources */ = {isa = PBXBuildFile; fileRef = 6ACC85872A75E85600E9CB8E /* UsersTableViewCell.swift */; };
		6ADF73DE2A59D23D009B4872 /* EditProfileTableViewController.swift in Sources */ = {isa = PBXBuildFile; fileRef = 6ADF73DD2A59D23D009B4872 /* EditProfileTableViewController.swift */; };
		6AE0F1862A58697A0036027A /* SettingTableViewController.swift in Sources */ = {isa = PBXBuildFile; fileRef = 6AE0F1852A58697A0036027A /* SettingTableViewController.swift */; };
		6AE857B82A85A99100D7D049 /* chatRoom.swift in Sources */ = {isa = PBXBuildFile; fileRef = 6AE857B72A85A99100D7D049 /* chatRoom.swift */; };
		6AE857BA2A85B76A00D7D049 /* ChatTableViewCell.swift in Sources */ = {isa = PBXBuildFile; fileRef = 6AE857B92A85B76A00D7D049 /* ChatTableViewCell.swift */; };
		6AE857BC2A85FC9400D7D049 /* chatRoomTableViewTableViewController.swift in Sources */ = {isa = PBXBuildFile; fileRef = 6AE857BB2A85FC9400D7D049 /* chatRoomTableViewTableViewController.swift */; };
		6AE857BE2A872F4B00D7D049 /* startChat.swift in Sources */ = {isa = PBXBuildFile; fileRef = 6AE857BD2A872F4B00D7D049 /* startChat.swift */; };
		6AEF5F942A74B30600E69A6F /* Eextensions.swift in Sources */ = {isa = PBXBuildFile; fileRef = 6AEF5F932A74B30600E69A6F /* Eextensions.swift */; };
		6AEF5F962A74C4A200E69A6F /* statusTableViewController.swift in Sources */ = {isa = PBXBuildFile; fileRef = 6AEF5F952A74C4A200E69A6F /* statusTableViewController.swift */; };
/* End PBXBuildFile section */

/* Begin PBXFileReference section */
		3DC1B5DB91415783677893DD /* Pods-Chat.release.xcconfig */ = {isa = PBXFileReference; includeInIndex = 1; lastKnownFileType = text.xcconfig; name = "Pods-Chat.release.xcconfig"; path = "Target Support Files/Pods-Chat/Pods-Chat.release.xcconfig"; sourceTree = "<group>"; };
		5F00EF7DED2C0DEAD4EA676F /* Pods_Chat.framework */ = {isa = PBXFileReference; explicitFileType = wrapper.framework; includeInIndex = 0; path = Pods_Chat.framework; sourceTree = BUILT_PRODUCTS_DIR; };
		6A07FCC52ABC935200E3EF3D /* locationMessage.swift */ = {isa = PBXFileReference; lastKnownFileType = sourcecode.swift; path = locationMessage.swift; sourceTree = "<group>"; };
		6A07FCC72ABCA1A200E3EF3D /* mapViewController.swift */ = {isa = PBXFileReference; lastKnownFileType = sourcecode.swift; path = mapViewController.swift; sourceTree = "<group>"; };
		6A07FCC92ABD0D6700E3EF3D /* MapAnnotation.swift */ = {isa = PBXFileReference; lastKnownFileType = sourcecode.swift; path = MapAnnotation.swift; sourceTree = "<group>"; };
		6A1C8F132A46E9D2003D7B11 /* Chat.app */ = {isa = PBXFileReference; explicitFileType = wrapper.application; includeInIndex = 0; path = Chat.app; sourceTree = BUILT_PRODUCTS_DIR; };
		6A1C8F162A46E9D2003D7B11 /* AppDelegate.swift */ = {isa = PBXFileReference; lastKnownFileType = sourcecode.swift; path = AppDelegate.swift; sourceTree = "<group>"; };
		6A1C8F182A46E9D2003D7B11 /* SceneDelegate.swift */ = {isa = PBXFileReference; lastKnownFileType = sourcecode.swift; path = SceneDelegate.swift; sourceTree = "<group>"; };
		6A1C8F1A2A46E9D2003D7B11 /* LoginViewController.swift */ = {isa = PBXFileReference; lastKnownFileType = sourcecode.swift; path = LoginViewController.swift; sourceTree = "<group>"; };
		6A1C8F1D2A46E9D2003D7B11 /* Base */ = {isa = PBXFileReference; lastKnownFileType = file.storyboard; name = Base; path = Base.lproj/Main.storyboard; sourceTree = "<group>"; };
		6A1C8F1F2A46E9D2003D7B11 /* Assets.xcassets */ = {isa = PBXFileReference; lastKnownFileType = folder.assetcatalog; path = Assets.xcassets; sourceTree = "<group>"; };
		6A1C8F222A46E9D2003D7B11 /* Base */ = {isa = PBXFileReference; lastKnownFileType = file.storyboard; name = Base; path = Base.lproj/LaunchScreen.storyboard; sourceTree = "<group>"; };
		6A1C8F242A46E9D2003D7B11 /* Info.plist */ = {isa = PBXFileReference; lastKnownFileType = text.plist.xml; path = Info.plist; sourceTree = "<group>"; };
		6A46F4472A47A96300DAFC41 /* GoogleService-Info.plist */ = {isa = PBXFileReference; fileEncoding = 4; lastKnownFileType = text.plist.xml; path = "GoogleService-Info.plist"; sourceTree = "<group>"; };
		6A4720912A9CE2DD000055E6 /* messageLayoutDelgate.swift */ = {isa = PBXFileReference; lastKnownFileType = sourcecode.swift; path = messageLayoutDelgate.swift; sourceTree = "<group>"; };
		6A47D5A62A5EFD64008AA465 /* FileStorage.swift */ = {isa = PBXFileReference; lastKnownFileType = sourcecode.swift; path = FileStorage.swift; sourceTree = "<group>"; };
		6A60183C2A90F5C300ECF0B8 /* MSViewController.swift */ = {isa = PBXFileReference; lastKnownFileType = sourcecode.swift; path = MSViewController.swift; sourceTree = "<group>"; };
		6A7FC3572ABE5053000192F5 /* audioRecorder.swift */ = {isa = PBXFileReference; lastKnownFileType = sourcecode.swift; path = audioRecorder.swift; sourceTree = "<group>"; };
		6A7FC3592AC25668000192F5 /* audioMessage.swift */ = {isa = PBXFileReference; lastKnownFileType = sourcecode.swift; path = audioMessage.swift; sourceTree = "<group>"; };
		6A7FC35B2AC27ACF000192F5 /* basicViewController.swift */ = {isa = PBXFileReference; lastKnownFileType = sourcecode.swift; path = basicViewController.swift; sourceTree = "<group>"; };
		6A934EB32A70ADFD005D282B /* gloableFunctions.swift */ = {isa = PBXFileReference; lastKnownFileType = sourcecode.swift; path = gloableFunctions.swift; sourceTree = "<group>"; };
		6A9925A72A91EE8800F8D9D8 /* localMessage.swift */ = {isa = PBXFileReference; lastKnownFileType = sourcecode.swift; path = localMessage.swift; sourceTree = "<group>"; };
		6A9925AA2A936AAB00F8D9D8 /* messageDatasource.swift */ = {isa = PBXFileReference; lastKnownFileType = sourcecode.swift; path = messageDatasource.swift; sourceTree = "<group>"; };
		6A9925AC2A93702D00F8D9D8 /* messageCellDellagate.swift */ = {isa = PBXFileReference; lastKnownFileType = sourcecode.swift; path = messageCellDellagate.swift; sourceTree = "<group>"; };
		6A9925AE2A9370AB00F8D9D8 /* messageDisplayDellgate.swift */ = {isa = PBXFileReference; lastKnownFileType = sourcecode.swift; path = messageDisplayDellgate.swift; sourceTree = "<group>"; };
		6A9925B02A93713200F8D9D8 /* messageInputBar.swift */ = {isa = PBXFileReference; lastKnownFileType = sourcecode.swift; path = messageInputBar.swift; sourceTree = "<group>"; };
		6A9925B22A93732E00F8D9D8 /* MKSender.swift */ = {isa = PBXFileReference; lastKnownFileType = sourcecode.swift; path = MKSender.swift; sourceTree = "<group>"; };
		6A9925B42A937E6800F8D9D8 /* MKMessage.swift */ = {isa = PBXFileReference; lastKnownFileType = sourcecode.swift; path = MKMessage.swift; sourceTree = "<group>"; };
		6A9A5B872AA3E2630083C28D /* FTypingLisntener.swift */ = {isa = PBXFileReference; lastKnownFileType = sourcecode.swift; path = FTypingLisntener.swift; sourceTree = "<group>"; };
		6A9B35742ABBC7240095486F /* locationManger.swift */ = {isa = PBXFileReference; lastKnownFileType = sourcecode.swift; path = locationManger.swift; sourceTree = "<group>"; };
		6A9DD66F2AB4A0CE008B8E20 /* photoMessage.swift */ = {isa = PBXFileReference; lastKnownFileType = sourcecode.swift; path = photoMessage.swift; sourceTree = "<group>"; };
		6AA5DBC32A79ECAB0063DF96 /* profileTableViewController.swift */ = {isa = PBXFileReference; lastKnownFileType = sourcecode.swift; path = profileTableViewController.swift; sourceTree = "<group>"; };
		6AAAA18A2AB5124800ACC09D /* videoMessage.swift */ = {isa = PBXFileReference; lastKnownFileType = sourcecode.swift; path = videoMessage.swift; sourceTree = "<group>"; };
		6AB2E1622A4EA24200A43548 /* FCollectionReference.swift */ = {isa = PBXFileReference; lastKnownFileType = sourcecode.swift; path = FCollectionReference.swift; sourceTree = "<group>"; };
		6AB2E1642A4EAE0B00A43548 /* user.swift */ = {isa = PBXFileReference; lastKnownFileType = sourcecode.swift; path = user.swift; sourceTree = "<group>"; };
		6AB2E1662A4EBF4C00A43548 /* FUserListner.swift */ = {isa = PBXFileReference; lastKnownFileType = sourcecode.swift; path = FUserListner.swift; sourceTree = "<group>"; };
		6AB2E1682A50209C00A43548 /* constants.swift */ = {isa = PBXFileReference; lastKnownFileType = sourcecode.swift; path = constants.swift; sourceTree = "<group>"; };
		6AC6240B2A94C0E0000FA270 /* FMessageListener.swift */ = {isa = PBXFileReference; lastKnownFileType = sourcecode.swift; path = FMessageListener.swift; sourceTree = "<group>"; };
		6AC6240D2A94E6BA000FA270 /* RealmManger.swift */ = {isa = PBXFileReference; lastKnownFileType = sourcecode.swift; path = RealmManger.swift; sourceTree = "<group>"; };
		6AC6240F2A94EB95000FA270 /* outgoing.swift */ = {isa = PBXFileReference; lastKnownFileType = sourcecode.swift; path = outgoing.swift; sourceTree = "<group>"; };
		6AC624112A98DA98000FA270 /* Incoming.swift */ = {isa = PBXFileReference; lastKnownFileType = sourcecode.swift; path = Incoming.swift; sourceTree = "<group>"; };
		6AC95F4E2A8C92CD00D34D1D /* FChatRoomListener.swift */ = {isa = PBXFileReference; lastKnownFileType = sourcecode.swift; path = FChatRoomListener.swift; sourceTree = "<group>"; };
		6ACC85852A75E7ED00E9CB8E /* UserTableViewController.swift */ = {isa = PBXFileReference; lastKnownFileType = sourcecode.swift; path = UserTableViewController.swift; sourceTree = "<group>"; };
		6ACC85872A75E85600E9CB8E /* UsersTableViewCell.swift */ = {isa = PBXFileReference; lastKnownFileType = sourcecode.swift; path = UsersTableViewCell.swift; sourceTree = "<group>"; };
		6ADF73DD2A59D23D009B4872 /* EditProfileTableViewController.swift */ = {isa = PBXFileReference; lastKnownFileType = sourcecode.swift; path = EditProfileTableViewController.swift; sourceTree = "<group>"; };
		6AE0F1852A58697A0036027A /* SettingTableViewController.swift */ = {isa = PBXFileReference; lastKnownFileType = sourcecode.swift; path = SettingTableViewController.swift; sourceTree = "<group>"; };
		6AE857B72A85A99100D7D049 /* chatRoom.swift */ = {isa = PBXFileReference; lastKnownFileType = sourcecode.swift; path = chatRoom.swift; sourceTree = "<group>"; };
		6AE857B92A85B76A00D7D049 /* ChatTableViewCell.swift */ = {isa = PBXFileReference; lastKnownFileType = sourcecode.swift; path = ChatTableViewCell.swift; sourceTree = "<group>"; };
		6AE857BB2A85FC9400D7D049 /* chatRoomTableViewTableViewController.swift */ = {isa = PBXFileReference; lastKnownFileType = sourcecode.swift; path = chatRoomTableViewTableViewController.swift; sourceTree = "<group>"; };
		6AE857BD2A872F4B00D7D049 /* startChat.swift */ = {isa = PBXFileReference; lastKnownFileType = sourcecode.swift; path = startChat.swift; sourceTree = "<group>"; };
		6AEF5F932A74B30600E69A6F /* Eextensions.swift */ = {isa = PBXFileReference; lastKnownFileType = sourcecode.swift; path = Eextensions.swift; sourceTree = "<group>"; };
		6AEF5F952A74C4A200E69A6F /* statusTableViewController.swift */ = {isa = PBXFileReference; lastKnownFileType = sourcecode.swift; path = statusTableViewController.swift; sourceTree = "<group>"; };
		B63E632E80F9FA6C64B8A64F /* Pods-Chat.debug.xcconfig */ = {isa = PBXFileReference; includeInIndex = 1; lastKnownFileType = text.xcconfig; name = "Pods-Chat.debug.xcconfig"; path = "Target Support Files/Pods-Chat/Pods-Chat.debug.xcconfig"; sourceTree = "<group>"; };
/* End PBXFileReference section */

/* Begin PBXFrameworksBuildPhase section */
		6A1C8F102A46E9D2003D7B11 /* Frameworks */ = {
			isa = PBXFrameworksBuildPhase;
			buildActionMask = 2147483647;
			files = (
				00B066A48006BA6B375154DB /* Pods_Chat.framework in Frameworks */,
			);
			runOnlyForDeploymentPostprocessing = 0;
		};
/* End PBXFrameworksBuildPhase section */

/* Begin PBXGroup section */
		6A1C8F0A2A46E9D2003D7B11 = {
			isa = PBXGroup;
			children = (
				6A1C8F152A46E9D2003D7B11 /* Chat */,
				6A1C8F142A46E9D2003D7B11 /* Products */,
				D5225EA9CD0A87721F73EA61 /* Pods */,
				CD6AE7C71BF96E783519DDE2 /* Frameworks */,
			);
			sourceTree = "<group>";
		};
		6A1C8F142A46E9D2003D7B11 /* Products */ = {
			isa = PBXGroup;
			children = (
				6A1C8F132A46E9D2003D7B11 /* Chat.app */,
			);
			name = Products;
			sourceTree = "<group>";
		};
		6A1C8F152A46E9D2003D7B11 /* Chat */ = {
			isa = PBXGroup;
			children = (
				6A934EB22A70ADD9005D282B /* Helpers */,
				6AE0F1892A588A900036027A /* Controllers */,
				6AE0F1882A588A570036027A /* views */,
				6AE0F1872A588A020036027A /* Firebase */,
				6AB2E1612A4EA1E400A43548 /* moadel */,
				6A1C8F242A46E9D2003D7B11 /* Info.plist */,
				6A1C8F1F2A46E9D2003D7B11 /* Assets.xcassets */,
			);
			path = Chat;
			sourceTree = "<group>";
		};
		6A934EB22A70ADD9005D282B /* Helpers */ = {
			isa = PBXGroup;
			children = (
				6AB2E1682A50209C00A43548 /* constants.swift */,
				6A934EB32A70ADFD005D282B /* gloableFunctions.swift */,
				6AEF5F932A74B30600E69A6F /* Eextensions.swift */,
				6AE857BD2A872F4B00D7D049 /* startChat.swift */,
			);
			path = Helpers;
			sourceTree = "<group>";
		};
		6A9925A92A936A6400F8D9D8 /* MEG controller Extension */ = {
			isa = PBXGroup;
			children = (
				6A9925AA2A936AAB00F8D9D8 /* messageDatasource.swift */,
				6A9925AC2A93702D00F8D9D8 /* messageCellDellagate.swift */,
				6A9925AE2A9370AB00F8D9D8 /* messageDisplayDellgate.swift */,
				6A9925B02A93713200F8D9D8 /* messageInputBar.swift */,
				6A4720912A9CE2DD000055E6 /* messageLayoutDelgate.swift */,
			);
			path = "MEG controller Extension";
			sourceTree = "<group>";
		};
		6AAAA1892AB5121F00ACC09D /* New Group */ = {
			isa = PBXGroup;
			children = (
				6A07FCC92ABD0D6700E3EF3D /* MapAnnotation.swift */,
				6A9DD66F2AB4A0CE008B8E20 /* photoMessage.swift */,
				6AAAA18A2AB5124800ACC09D /* videoMessage.swift */,
				6A07FCC52ABC935200E3EF3D /* locationMessage.swift */,
				6A7FC3592AC25668000192F5 /* audioMessage.swift */,
			);
			path = "New Group";
			sourceTree = "<group>";
		};
		6AB2E1612A4EA1E400A43548 /* moadel */ = {
			isa = PBXGroup;
			children = (
				6AB2E1642A4EAE0B00A43548 /* user.swift */,
				6AE857B72A85A99100D7D049 /* chatRoom.swift */,
				6A9925A72A91EE8800F8D9D8 /* localMessage.swift */,
				6A9925B22A93732E00F8D9D8 /* MKSender.swift */,
				6A9925B42A937E6800F8D9D8 /* MKMessage.swift */,
				6AC6240D2A94E6BA000FA270 /* RealmManger.swift */,
				6AC6240F2A94EB95000FA270 /* outgoing.swift */,
				6AC624112A98DA98000FA270 /* Incoming.swift */,
				6A7FC3572ABE5053000192F5 /* audioRecorder.swift */,
				6A9B35742ABBC7240095486F /* locationManger.swift */,
				6AAAA1892AB5121F00ACC09D /* New Group */,
				6A7FC35B2AC27ACF000192F5 /* basicViewController.swift */,
			);
			path = moadel;
			sourceTree = "<group>";
		};
		6AE0F1872A588A020036027A /* Firebase */ = {
			isa = PBXGroup;
			children = (
				6AB2E1622A4EA24200A43548 /* FCollectionReference.swift */,
				6AB2E1662A4EBF4C00A43548 /* FUserListner.swift */,
				6A46F4472A47A96300DAFC41 /* GoogleService-Info.plist */,
				6A47D5A62A5EFD64008AA465 /* FileStorage.swift */,
				6AC95F4E2A8C92CD00D34D1D /* FChatRoomListener.swift */,
				6AC6240B2A94C0E0000FA270 /* FMessageListener.swift */,
				6A9A5B872AA3E2630083C28D /* FTypingLisntener.swift */,
			);
			path = Firebase;
			sourceTree = "<group>";
		};
		6AE0F1882A588A570036027A /* views */ = {
			isa = PBXGroup;
			children = (
				6A1C8F1C2A46E9D2003D7B11 /* Main.storyboard */,
				6A1C8F212A46E9D2003D7B11 /* LaunchScreen.storyboard */,
			);
			path = views;
			sourceTree = "<group>";
		};
		6AE0F1892A588A900036027A /* Controllers */ = {
			isa = PBXGroup;
			children = (
				6A1C8F162A46E9D2003D7B11 /* AppDelegate.swift */,
				6A1C8F182A46E9D2003D7B11 /* SceneDelegate.swift */,
				6A1C8F1A2A46E9D2003D7B11 /* LoginViewController.swift */,
				6AE0F1852A58697A0036027A /* SettingTableViewController.swift */,
				6ADF73DD2A59D23D009B4872 /* EditProfileTableViewController.swift */,
				6AEF5F952A74C4A200E69A6F /* statusTableViewController.swift */,
				6ACC85852A75E7ED00E9CB8E /* UserTableViewController.swift */,
				6ACC85872A75E85600E9CB8E /* UsersTableViewCell.swift */,
				6AA5DBC32A79ECAB0063DF96 /* profileTableViewController.swift */,
				6AE857B92A85B76A00D7D049 /* ChatTableViewCell.swift */,
				6AE857BB2A85FC9400D7D049 /* chatRoomTableViewTableViewController.swift */,
				6A60183C2A90F5C300ECF0B8 /* MSViewController.swift */,
				6A07FCC72ABCA1A200E3EF3D /* mapViewController.swift */,
				6A9925A92A936A6400F8D9D8 /* MEG controller Extension */,
			);
			path = Controllers;
			sourceTree = "<group>";
		};
		CD6AE7C71BF96E783519DDE2 /* Frameworks */ = {
			isa = PBXGroup;
			children = (
				5F00EF7DED2C0DEAD4EA676F /* Pods_Chat.framework */,
			);
			name = Frameworks;
			sourceTree = "<group>";
		};
		D5225EA9CD0A87721F73EA61 /* Pods */ = {
			isa = PBXGroup;
			children = (
				B63E632E80F9FA6C64B8A64F /* Pods-Chat.debug.xcconfig */,
				3DC1B5DB91415783677893DD /* Pods-Chat.release.xcconfig */,
			);
			path = Pods;
			sourceTree = "<group>";
		};
/* End PBXGroup section */

/* Begin PBXNativeTarget section */
		6A1C8F122A46E9D2003D7B11 /* Chat */ = {
			isa = PBXNativeTarget;
			buildConfigurationList = 6A1C8F272A46E9D2003D7B11 /* Build configuration list for PBXNativeTarget "Chat" */;
			buildPhases = (
				F4347DBAF6B01D9B50D1E98C /* [CP] Check Pods Manifest.lock */,
				6A1C8F0F2A46E9D2003D7B11 /* Sources */,
				6A1C8F102A46E9D2003D7B11 /* Frameworks */,
				6A1C8F112A46E9D2003D7B11 /* Resources */,
				DFA079DFF624EBAA6864B121 /* [CP] Embed Pods Frameworks */,
			);
			buildRules = (
			);
			dependencies = (
			);
			name = Chat;
			productName = Chat;
			productReference = 6A1C8F132A46E9D2003D7B11 /* Chat.app */;
			productType = "com.apple.product-type.application";
		};
/* End PBXNativeTarget section */

/* Begin PBXProject section */
		6A1C8F0B2A46E9D2003D7B11 /* Project object */ = {
			isa = PBXProject;
			attributes = {
				BuildIndependentTargetsInParallel = 1;
				LastSwiftUpdateCheck = 1410;
				LastUpgradeCheck = 1410;
				TargetAttributes = {
					6A1C8F122A46E9D2003D7B11 = {
						CreatedOnToolsVersion = 14.1;
					};
				};
			};
			buildConfigurationList = 6A1C8F0E2A46E9D2003D7B11 /* Build configuration list for PBXProject "Chat" */;
			compatibilityVersion = "Xcode 14.0";
			developmentRegion = en;
			hasScannedForEncodings = 0;
			knownRegions = (
				en,
				Base,
			);
			mainGroup = 6A1C8F0A2A46E9D2003D7B11;
			productRefGroup = 6A1C8F142A46E9D2003D7B11 /* Products */;
			projectDirPath = "";
			projectRoot = "";
			targets = (
				6A1C8F122A46E9D2003D7B11 /* Chat */,
			);
		};
/* End PBXProject section */

/* Begin PBXResourcesBuildPhase section */
		6A1C8F112A46E9D2003D7B11 /* Resources */ = {
			isa = PBXResourcesBuildPhase;
			buildActionMask = 2147483647;
			files = (
				6A1C8F232A46E9D2003D7B11 /* LaunchScreen.storyboard in Resources */,
				6A46F4482A47A96300DAFC41 /* GoogleService-Info.plist in Resources */,
				6A1C8F202A46E9D2003D7B11 /* Assets.xcassets in Resources */,
				6A1C8F1E2A46E9D2003D7B11 /* Main.storyboard in Resources */,
			);
			runOnlyForDeploymentPostprocessing = 0;
		};
/* End PBXResourcesBuildPhase section */

/* Begin PBXShellScriptBuildPhase section */
		DFA079DFF624EBAA6864B121 /* [CP] Embed Pods Frameworks */ = {
			isa = PBXShellScriptBuildPhase;
			buildActionMask = 2147483647;
			files = (
			);
			inputFileListPaths = (
				"${PODS_ROOT}/Target Support Files/Pods-Chat/Pods-Chat-frameworks-${CONFIGURATION}-input-files.xcfilelist",
			);
			name = "[CP] Embed Pods Frameworks";
			outputFileListPaths = (
				"${PODS_ROOT}/Target Support Files/Pods-Chat/Pods-Chat-frameworks-${CONFIGURATION}-output-files.xcfilelist",
			);
			runOnlyForDeploymentPostprocessing = 0;
			shellPath = /bin/sh;
			shellScript = "\"${PODS_ROOT}/Target Support Files/Pods-Chat/Pods-Chat-frameworks.sh\"\n";
			showEnvVarsInLog = 0;
		};
		F4347DBAF6B01D9B50D1E98C /* [CP] Check Pods Manifest.lock */ = {
			isa = PBXShellScriptBuildPhase;
			buildActionMask = 2147483647;
			files = (
			);
			inputFileListPaths = (
			);
			inputPaths = (
				"${PODS_PODFILE_DIR_PATH}/Podfile.lock",
				"${PODS_ROOT}/Manifest.lock",
			);
			name = "[CP] Check Pods Manifest.lock";
			outputFileListPaths = (
			);
			outputPaths = (
				"$(DERIVED_FILE_DIR)/Pods-Chat-checkManifestLockResult.txt",
			);
			runOnlyForDeploymentPostprocessing = 0;
			shellPath = /bin/sh;
			shellScript = "diff \"${PODS_PODFILE_DIR_PATH}/Podfile.lock\" \"${PODS_ROOT}/Manifest.lock\" > /dev/null\nif [ $? != 0 ] ; then\n    # print error to STDERR\n    echo \"error: The sandbox is not in sync with the Podfile.lock. Run 'pod install' or update your CocoaPods installation.\" >&2\n    exit 1\nfi\n# This output is used by Xcode 'outputs' to avoid re-running this script phase.\necho \"SUCCESS\" > \"${SCRIPT_OUTPUT_FILE_0}\"\n";
			showEnvVarsInLog = 0;
		};
/* End PBXShellScriptBuildPhase section */

/* Begin PBXSourcesBuildPhase section */
		6A1C8F0F2A46E9D2003D7B11 /* Sources */ = {
			isa = PBXSourcesBuildPhase;
			buildActionMask = 2147483647;
			files = (
				6A60183D2A90F5C300ECF0B8 /* MSViewController.swift in Sources */,
				6AC624122A98DA98000FA270 /* Incoming.swift in Sources */,
				6AE857BE2A872F4B00D7D049 /* startChat.swift in Sources */,
				6AE0F1862A58697A0036027A /* SettingTableViewController.swift in Sources */,
				6A47D5A72A5EFD64008AA465 /* FileStorage.swift in Sources */,
				6A1C8F1B2A46E9D2003D7B11 /* LoginViewController.swift in Sources */,
				6A7FC35A2AC25668000192F5 /* audioMessage.swift in Sources */,
				6AC6240E2A94E6BA000FA270 /* RealmManger.swift in Sources */,
				6AC95F4F2A8C92CD00D34D1D /* FChatRoomListener.swift in Sources */,
				6AE857BA2A85B76A00D7D049 /* ChatTableViewCell.swift in Sources */,
				6A9925B52A937E6800F8D9D8 /* MKMessage.swift in Sources */,
				6AB2E1672A4EBF4C00A43548 /* FUserListner.swift in Sources */,
				6ACC85882A75E85600E9CB8E /* UsersTableViewCell.swift in Sources */,
				6ACC85862A75E7ED00E9CB8E /* UserTableViewController.swift in Sources */,
				6A07FCCA2ABD0D6700E3EF3D /* MapAnnotation.swift in Sources */,
				6AE857B82A85A99100D7D049 /* chatRoom.swift in Sources */,
				6AC6240C2A94C0E0000FA270 /* FMessageListener.swift in Sources */,
				6A9925A82A91EE8800F8D9D8 /* localMessage.swift in Sources */,
				6AA5DBC42A79ECAB0063DF96 /* profileTableViewController.swift in Sources */,
				6A1C8F172A46E9D2003D7B11 /* AppDelegate.swift in Sources */,
				6A9925B32A93732E00F8D9D8 /* MKSender.swift in Sources */,
				6AEF5F942A74B30600E69A6F /* Eextensions.swift in Sources */,
				6A9DD6702AB4A0CE008B8E20 /* photoMessage.swift in Sources */,
				6AE857BC2A85FC9400D7D049 /* chatRoomTableViewTableViewController.swift in Sources */,
				6A07FCC62ABC935200E3EF3D /* locationMessage.swift in Sources */,
				6A7FC35C2AC27ACF000192F5 /* basicViewController.swift in Sources */,
				6A9925B12A93713200F8D9D8 /* messageInputBar.swift in Sources */,
				6AC624102A94EB95000FA270 /* outgoing.swift in Sources */,
				6A9925AF2A9370AB00F8D9D8 /* messageDisplayDellgate.swift in Sources */,
				6A4720922A9CE2DD000055E6 /* messageLayoutDelgate.swift in Sources */,
				6AB2E1692A50209C00A43548 /* constants.swift in Sources */,
				6ADF73DE2A59D23D009B4872 /* EditProfileTableViewController.swift in Sources */,
				6A9B35752ABBC7240095486F /* locationManger.swift in Sources */,
				6A9925AB2A936AAB00F8D9D8 /* messageDatasource.swift in Sources */,
				6A07FCC82ABCA1A200E3EF3D /* mapViewController.swift in Sources */,
				6AB2E1632A4EA24200A43548 /* FCollectionReference.swift in Sources */,
				6A7FC3582ABE5053000192F5 /* audioRecorder.swift in Sources */,
				6A9A5B882AA3E2630083C28D /* FTypingLisntener.swift in Sources */,
				6A9925AD2A93702D00F8D9D8 /* messageCellDellagate.swift in Sources */,
				6AB2E1652A4EAE0B00A43548 /* user.swift in Sources */,
				6AEF5F962A74C4A200E69A6F /* statusTableViewController.swift in Sources */,
				6A1C8F192A46E9D2003D7B11 /* SceneDelegate.swift in Sources */,
				6AAAA18B2AB5124800ACC09D /* videoMessage.swift in Sources */,
				6A934EB42A70ADFD005D282B /* gloableFunctions.swift in Sources */,
			);
			runOnlyForDeploymentPostprocessing = 0;
		};
/* End PBXSourcesBuildPhase section */

/* Begin PBXVariantGroup section */
		6A1C8F1C2A46E9D2003D7B11 /* Main.storyboard */ = {
			isa = PBXVariantGroup;
			children = (
				6A1C8F1D2A46E9D2003D7B11 /* Base */,
			);
			name = Main.storyboard;
			sourceTree = "<group>";
		};
		6A1C8F212A46E9D2003D7B11 /* LaunchScreen.storyboard */ = {
			isa = PBXVariantGroup;
			children = (
				6A1C8F222A46E9D2003D7B11 /* Base */,
			);
			name = LaunchScreen.storyboard;
			sourceTree = "<group>";
		};
/* End PBXVariantGroup section */

/* Begin XCBuildConfiguration section */
		6A1C8F252A46E9D2003D7B11 /* Debug */ = {
			isa = XCBuildConfiguration;
			buildSettings = {
				ALWAYS_SEARCH_USER_PATHS = NO;
				CLANG_ANALYZER_NONNULL = YES;
				CLANG_ANALYZER_NUMBER_OBJECT_CONVERSION = YES_AGGRESSIVE;
				CLANG_CXX_LANGUAGE_STANDARD = "gnu++20";
				CLANG_ENABLE_MODULES = YES;
				CLANG_ENABLE_OBJC_ARC = YES;
				CLANG_ENABLE_OBJC_WEAK = YES;
				CLANG_WARN_BLOCK_CAPTURE_AUTORELEASING = YES;
				CLANG_WARN_BOOL_CONVERSION = YES;
				CLANG_WARN_COMMA = YES;
				CLANG_WARN_CONSTANT_CONVERSION = YES;
				CLANG_WARN_DEPRECATED_OBJC_IMPLEMENTATIONS = YES;
				CLANG_WARN_DIRECT_OBJC_ISA_USAGE = YES_ERROR;
				CLANG_WARN_DOCUMENTATION_COMMENTS = YES;
				CLANG_WARN_EMPTY_BODY = YES;
				CLANG_WARN_ENUM_CONVERSION = YES;
				CLANG_WARN_INFINITE_RECURSION = YES;
				CLANG_WARN_INT_CONVERSION = YES;
				CLANG_WARN_NON_LITERAL_NULL_CONVERSION = YES;
				CLANG_WARN_OBJC_IMPLICIT_RETAIN_SELF = YES;
				CLANG_WARN_OBJC_LITERAL_CONVERSION = YES;
				CLANG_WARN_OBJC_ROOT_CLASS = YES_ERROR;
				CLANG_WARN_QUOTED_INCLUDE_IN_FRAMEWORK_HEADER = YES;
				CLANG_WARN_RANGE_LOOP_ANALYSIS = YES;
				CLANG_WARN_STRICT_PROTOTYPES = YES;
				CLANG_WARN_SUSPICIOUS_MOVE = YES;
				CLANG_WARN_UNGUARDED_AVAILABILITY = YES_AGGRESSIVE;
				CLANG_WARN_UNREACHABLE_CODE = YES;
				CLANG_WARN__DUPLICATE_METHOD_MATCH = YES;
				COPY_PHASE_STRIP = NO;
				DEBUG_INFORMATION_FORMAT = dwarf;
				ENABLE_STRICT_OBJC_MSGSEND = YES;
				ENABLE_TESTABILITY = YES;
				GCC_C_LANGUAGE_STANDARD = gnu11;
				GCC_DYNAMIC_NO_PIC = NO;
				GCC_NO_COMMON_BLOCKS = YES;
				GCC_OPTIMIZATION_LEVEL = 0;
				GCC_PREPROCESSOR_DEFINITIONS = (
					"DEBUG=1",
					"$(inherited)",
				);
				GCC_WARN_64_TO_32_BIT_CONVERSION = YES;
				GCC_WARN_ABOUT_RETURN_TYPE = YES_ERROR;
				GCC_WARN_UNDECLARED_SELECTOR = YES;
				GCC_WARN_UNINITIALIZED_AUTOS = YES_AGGRESSIVE;
				GCC_WARN_UNUSED_FUNCTION = YES;
				GCC_WARN_UNUSED_VARIABLE = YES;
				IPHONEOS_DEPLOYMENT_TARGET = 16.1;
				MTL_ENABLE_DEBUG_INFO = INCLUDE_SOURCE;
				MTL_FAST_MATH = YES;
				ONLY_ACTIVE_ARCH = YES;
				SDKROOT = iphoneos;
				SWIFT_ACTIVE_COMPILATION_CONDITIONS = DEBUG;
				SWIFT_OPTIMIZATION_LEVEL = "-Onone";
			};
			name = Debug;
		};
		6A1C8F262A46E9D2003D7B11 /* Release */ = {
			isa = XCBuildConfiguration;
			buildSettings = {
				ALWAYS_SEARCH_USER_PATHS = NO;
				CLANG_ANALYZER_NONNULL = YES;
				CLANG_ANALYZER_NUMBER_OBJECT_CONVERSION = YES_AGGRESSIVE;
				CLANG_CXX_LANGUAGE_STANDARD = "gnu++20";
				CLANG_ENABLE_MODULES = YES;
				CLANG_ENABLE_OBJC_ARC = YES;
				CLANG_ENABLE_OBJC_WEAK = YES;
				CLANG_WARN_BLOCK_CAPTURE_AUTORELEASING = YES;
				CLANG_WARN_BOOL_CONVERSION = YES;
				CLANG_WARN_COMMA = YES;
				CLANG_WARN_CONSTANT_CONVERSION = YES;
				CLANG_WARN_DEPRECATED_OBJC_IMPLEMENTATIONS = YES;
				CLANG_WARN_DIRECT_OBJC_ISA_USAGE = YES_ERROR;
				CLANG_WARN_DOCUMENTATION_COMMENTS = YES;
				CLANG_WARN_EMPTY_BODY = YES;
				CLANG_WARN_ENUM_CONVERSION = YES;
				CLANG_WARN_INFINITE_RECURSION = YES;
				CLANG_WARN_INT_CONVERSION = YES;
				CLANG_WARN_NON_LITERAL_NULL_CONVERSION = YES;
				CLANG_WARN_OBJC_IMPLICIT_RETAIN_SELF = YES;
				CLANG_WARN_OBJC_LITERAL_CONVERSION = YES;
				CLANG_WARN_OBJC_ROOT_CLASS = YES_ERROR;
				CLANG_WARN_QUOTED_INCLUDE_IN_FRAMEWORK_HEADER = YES;
				CLANG_WARN_RANGE_LOOP_ANALYSIS = YES;
				CLANG_WARN_STRICT_PROTOTYPES = YES;
				CLANG_WARN_SUSPICIOUS_MOVE = YES;
				CLANG_WARN_UNGUARDED_AVAILABILITY = YES_AGGRESSIVE;
				CLANG_WARN_UNREACHABLE_CODE = YES;
				CLANG_WARN__DUPLICATE_METHOD_MATCH = YES;
				COPY_PHASE_STRIP = NO;
				DEBUG_INFORMATION_FORMAT = "dwarf-with-dsym";
				ENABLE_NS_ASSERTIONS = NO;
				ENABLE_STRICT_OBJC_MSGSEND = YES;
				GCC_C_LANGUAGE_STANDARD = gnu11;
				GCC_NO_COMMON_BLOCKS = YES;
				GCC_WARN_64_TO_32_BIT_CONVERSION = YES;
				GCC_WARN_ABOUT_RETURN_TYPE = YES_ERROR;
				GCC_WARN_UNDECLARED_SELECTOR = YES;
				GCC_WARN_UNINITIALIZED_AUTOS = YES_AGGRESSIVE;
				GCC_WARN_UNUSED_FUNCTION = YES;
				GCC_WARN_UNUSED_VARIABLE = YES;
				IPHONEOS_DEPLOYMENT_TARGET = 16.1;
				MTL_ENABLE_DEBUG_INFO = NO;
				MTL_FAST_MATH = YES;
				SDKROOT = iphoneos;
				SWIFT_COMPILATION_MODE = wholemodule;
				SWIFT_OPTIMIZATION_LEVEL = "-O";
				VALIDATE_PRODUCT = YES;
			};
			name = Release;
		};
		6A1C8F282A46E9D2003D7B11 /* Debug */ = {
			isa = XCBuildConfiguration;
			baseConfigurationReference = B63E632E80F9FA6C64B8A64F /* Pods-Chat.debug.xcconfig */;
			buildSettings = {
				ASSETCATALOG_COMPILER_APPICON_NAME = AppIcon;
				ASSETCATALOG_COMPILER_GLOBAL_ACCENT_COLOR_NAME = AccentColor;
				ASSETCATALOG_COMPILER_INCLUDE_ALL_APPICON_ASSETS = NO;
				CODE_SIGN_STYLE = Automatic;
				CURRENT_PROJECT_VERSION = 1;
				GENERATE_INFOPLIST_FILE = YES;
				INFOPLIST_FILE = Chat/Info.plist;
				INFOPLIST_KEY_UIApplicationSupportsIndirectInputEvents = YES;
				INFOPLIST_KEY_UILaunchStoryboardName = Main.storyboar;
				INFOPLIST_KEY_UIMainStoryboardFile = Main;
				INFOPLIST_KEY_UISupportedInterfaceOrientations = UIInterfaceOrientationPortrait;
				INFOPLIST_KEY_UISupportedInterfaceOrientations_iPad = "UIInterfaceOrientationLandscapeLeft UIInterfaceOrientationLandscapeRight UIInterfaceOrientationPortrait UIInterfaceOrientationPortraitUpsideDown";
				LD_RUNPATH_SEARCH_PATHS = (
					"$(inherited)",
					"@executable_path/Frameworks",
				);
				MARKETING_VERSION = 1.0;
				PRODUCT_BUNDLE_IDENTIFIER = "self-hesham.Chat";
				PRODUCT_NAME = "$(TARGET_NAME)";
				SWIFT_EMIT_LOC_STRINGS = YES;
				SWIFT_VERSION = 5.0;
				TARGETED_DEVICE_FAMILY = "1,2";
			};
			name = Debug;
		};
		6A1C8F292A46E9D2003D7B11 /* Release */ = {
			isa = XCBuildConfiguration;
			baseConfigurationReference = 3DC1B5DB91415783677893DD /* Pods-Chat.release.xcconfig */;
			buildSettings = {
				ASSETCATALOG_COMPILER_APPICON_NAME = AppIcon;
				ASSETCATALOG_COMPILER_GLOBAL_ACCENT_COLOR_NAME = AccentColor;
				ASSETCATALOG_COMPILER_INCLUDE_ALL_APPICON_ASSETS = NO;
				CODE_SIGN_STYLE = Automatic;
				CURRENT_PROJECT_VERSION = 1;
				GENERATE_INFOPLIST_FILE = YES;
				INFOPLIST_FILE = Chat/Info.plist;
				INFOPLIST_KEY_UIApplicationSupportsIndirectInputEvents = YES;
				INFOPLIST_KEY_UILaunchStoryboardName = Main.storyboar;
				INFOPLIST_KEY_UIMainStoryboardFile = Main;
				INFOPLIST_KEY_UISupportedInterfaceOrientations = UIInterfaceOrientationPortrait;
				INFOPLIST_KEY_UISupportedInterfaceOrientations_iPad = "UIInterfaceOrientationLandscapeLeft UIInterfaceOrientationLandscapeRight UIInterfaceOrientationPortrait UIInterfaceOrientationPortraitUpsideDown";
				LD_RUNPATH_SEARCH_PATHS = (
					"$(inherited)",
					"@executable_path/Frameworks",
				);
				MARKETING_VERSION = 1.0;
				PRODUCT_BUNDLE_IDENTIFIER = "self-hesham.Chat";
				PRODUCT_NAME = "$(TARGET_NAME)";
				SWIFT_EMIT_LOC_STRINGS = YES;
				SWIFT_VERSION = 5.0;
				TARGETED_DEVICE_FAMILY = "1,2";
			};
			name = Release;
		};
/* End XCBuildConfiguration section */

/* Begin XCConfigurationList section */
		6A1C8F0E2A46E9D2003D7B11 /* Build configuration list for PBXProject "Chat" */ = {
			isa = XCConfigurationList;
			buildConfigurations = (
				6A1C8F252A46E9D2003D7B11 /* Debug */,
				6A1C8F262A46E9D2003D7B11 /* Release */,
			);
			defaultConfigurationIsVisible = 0;
			defaultConfigurationName = Release;
		};
		6A1C8F272A46E9D2003D7B11 /* Build configuration list for PBXNativeTarget "Chat" */ = {
			isa = XCConfigurationList;
			buildConfigurations = (
				6A1C8F282A46E9D2003D7B11 /* Debug */,
				6A1C8F292A46E9D2003D7B11 /* Release */,
			);
			defaultConfigurationIsVisible = 0;
			defaultConfigurationName = Release;
		};
/* End XCConfigurationList section */
	};
	rootObject = 6A1C8F0B2A46E9D2003D7B11 /* Project object */;
}
